{
  "name": "my_new_generate_pass",
  "version": "1.0.0",
  "lockfileVersion": 3,
  "requires": true,
  "packages": {
    "": {
      "name": "my_new_generate_pass",
      "version": "1.0.0",
      "license": "ISC",
      "dependencies": {
        "my_new_generate_pass": "^1.0.0"
      }
    },
    "node_modules/my_new_generate_pass": {
      "version": "1.0.0",
      "resolved": "https://registry.npmjs.org/my_new_generate_pass/-/my_new_generate_pass-1.0.0.tgz",
      "integrity": "sha512-PSygPTXR9DU+g+woWyLoA9QF0x5p2phTYi54VNnMo0ZikAhbg9uq/tBY3AFiAnCFxZE0HDMlZQa/DN891JziAQ=="
    }
  }
}
